
Microsoft Visual Studio Solution File, Format Version 12.00
# Visual Studio Version 16
VisualStudioVersion = 16.0.30804.86
MinimumVisualStudioVersion = 10.0.40219.1
Project("{FAE04EC0-301F-11D3-BF4B-00C04F79EFBC}") = "WadMaker", "WadMaker\WadMaker.csproj", "{C46EAED1-06A5-4A27-B55D-8411A86F168C}"
EndProject
Global
	GlobalSection(SolutionConfigurationPlatforms) = preSolution
		Debug|Any CPU = Debug|Any CPU
		Release|Any CPU = Release|Any CPU
	EndGlobalSection
	GlobalSection(ProjectConfigurationPlatforms) = postSolution
		{C46EAED1-06A5-4A27-B55D-8411A86F168C}.Debug|Any CPU.ActiveCfg = Debug|Any CPU
		{C46EAED1-06A5-4A27-B55D-8411A86F168C}.Debug|Any CPU.Build.0 = Debug|Any CPU
		{C46EAED1-06A5-4A27-B55D-8411A86F168C}.Release|Any CPU.ActiveCfg = Release|Any CPU
		{C46EAED1-06A5-4A27-B55D-8411A86F168C}.Release|Any CPU.Build.0 = Release|Any CPU
	EndGlobalSection
	GlobalSection(SolutionProperties) = preSolution
		HideSolutionNode = FALSE
	EndGlobalSection
	GlobalSection(ExtensibilityGlobals) = postSolution
		SolutionGuid = {018B8D41-68DF-47B1-9996-E70DF4A3011E}
	EndGlobalSection
EndGlobal
